// !$*UTF8*$!
{
	archiveVersion = 1;
	classes = {
	};
	objectVersion = 46;
	objects = {

/* Begin PBXBuildFile section */
		5A7049371D89519C00FDFF78 /* StickerPackExtension.appex in Embed App Extensions */ = {isa = PBXBuildFile; fileRef = 5A7049361D89519C00FDFF78 /* StickerPackExtension.appex */; settings = {ATTRIBUTES = (RemoveHeadersOnCopy, ); }; };
		5A70493B1D89519C00FDFF78 /* Stickers.xcstickers in Resources */ = {isa = PBXBuildFile; fileRef = 5A70493A1D89519C00FDFF78 /* Stickers.xcstickers */; };
		5A70493C1D89519C00FDFF78 /* Stickers.xcstickers in Resources */ = {isa = PBXBuildFile; fileRef = 5A70493A1D89519C00FDFF78 /* Stickers.xcstickers */; };
/* End PBXBuildFile section */

/* Begin PBXContainerItemProxy section */
		5A7049381D89519C00FDFF78 /* PBXContainerItemProxy */ = {
			isa = PBXContainerItemProxy;
			containerPortal = 5A70492C1D89519C00FDFF78 /* Project object */;
			proxyType = 1;
			remoteGlobalIDString = 5A7049351D89519C00FDFF78;
			remoteInfo = StickerPackExtension;
		};
/* End PBXContainerItemProxy section */

/* Begin PBXCopyFilesBuildPhase section */
		5A7049421D89519C00FDFF78 /* Embed App Extensions */ = {
			isa = PBXCopyFilesBuildPhase;
			buildActionMask = 2147483647;
			dstPath = "";
			dstSubfolderSpec = 13;
			files = (
				5A7049371D89519C00FDFF78 /* StickerPackExtension.appex in Embed App Extensions */,
			);
			name = "Embed App Extensions";
			runOnlyForDeploymentPostprocessing = 0;
		};
/* End PBXCopyFilesBuildPhase section */

/* Begin PBXFileReference section */
		5A7049321D89519C00FDFF78 /* Twitchmotes.app */ = {isa = PBXFileReference; explicitFileType = wrapper.application; includeInIndex = 0; path = Twitchmotes.app; sourceTree = BUILT_PRODUCTS_DIR; };
		5A7049361D89519C00FDFF78 /* StickerPackExtension.appex */ = {isa = PBXFileReference; explicitFileType = "wrapper.app-extension"; includeInIndex = 0; path = StickerPackExtension.appex; sourceTree = BUILT_PRODUCTS_DIR; };
		5A70493A1D89519C00FDFF78 /* Stickers.xcstickers */ = {isa = PBXFileReference; lastKnownFileType = folder.stickers; name = Stickers.xcstickers; path = StickerPackExtension/Stickers.xcstickers; sourceTree = "<group>"; };
/* End PBXFileReference section */

/* Begin PBXGroup section */
		5A70492B1D89519C00FDFF78 = {
			isa = PBXGroup;
			children = (
				5A70493A1D89519C00FDFF78 /* Stickers.xcstickers */,
				5A7049331D89519C00FDFF78 /* Products */,
			);
			sourceTree = "<group>";
		};
		5A7049331D89519C00FDFF78 /* Products */ = {
			isa = PBXGroup;
			children = (
				5A7049321D89519C00FDFF78 /* Twitchmotes.app */,
				5A7049361D89519C00FDFF78 /* StickerPackExtension.appex */,
			);
			name = Products;
			sourceTree = "<group>";
		};
/* End PBXGroup section */

/* Begin PBXNativeTarget section */
		5A7049311D89519C00FDFF78 /* Twitchmotes */ = {
			isa = PBXNativeTarget;
			buildConfigurationList = 5A7049431D89519C00FDFF78 /* Build configuration list for PBXNativeTarget "Twitchmotes" */;
			buildPhases = (
				5A7049301D89519C00FDFF78 /* Resources */,
				5A7049421D89519C00FDFF78 /* Embed App Extensions */,
			);
			buildRules = (
			);
			dependencies = (
				5A7049391D89519C00FDFF78 /* PBXTargetDependency */,
			);
			name = Twitchmotes;
			productName = Twitchmotes;
			productReference = 5A7049321D89519C00FDFF78 /* Twitchmotes.app */;
			productType = "com.apple.product-type.application.messages";
		};
		5A7049351D89519C00FDFF78 /* StickerPackExtension */ = {
			isa = PBXNativeTarget;
			buildConfigurationList = 5A70493F1D89519C00FDFF78 /* Build configuration list for PBXNativeTarget "StickerPackExtension" */;
			buildPhases = (
				5A7049341D89519C00FDFF78 /* Resources */,
			);
			buildRules = (
			);
			dependencies = (
			);
			name = StickerPackExtension;
			productName = StickerPackExtension;
			productReference = 5A7049361D89519C00FDFF78 /* StickerPackExtension.appex */;
			productType = "com.apple.product-type.app-extension.messages-sticker-pack";
		};
/* End PBXNativeTarget section */

/* Begin PBXProject section */
		5A70492C1D89519C00FDFF78 /* Project object */ = {
			isa = PBXProject;
			attributes = {
				LastUpgradeCheck = 0800;
				ORGANIZATIONNAME = "Patrick van Zadel";
				TargetAttributes = {
					5A7049311D89519C00FDFF78 = {
						CreatedOnToolsVersion = 8.0;
						ProvisioningStyle = Automatic;
					};
					5A7049351D89519C00FDFF78 = {
						CreatedOnToolsVersion = 8.0;
						DevelopmentTeam = T2YV68E2VX;
						ProvisioningStyle = Automatic;
					};
				};
			};
			buildConfigurationList = 5A70492F1D89519C00FDFF78 /* Build configuration list for PBXProject "Twitchmotes" */;
			compatibilityVersion = "Xcode 3.2";
			developmentRegion = English;
			hasScannedForEncodings = 0;
			knownRegions = (
				en,
			);
			mainGroup = 5A70492B1D89519C00FDFF78;
			productRefGroup = 5A7049331D89519C00FDFF78 /* Products */;
			projectDirPath = "";
			projectRoot = "";
			targets = (
				5A7049311D89519C00FDFF78 /* Twitchmotes */,
				5A7049351D89519C00FDFF78 /* StickerPackExtension */,
			);
		};
/* End PBXProject section */

/* Begin PBXResourcesBuildPhase section */
		5A7049301D89519C00FDFF78 /* Resources */ = {
			isa = PBXResourcesBuildPhase;
			buildActionMask = 2147483647;
			files = (
				5A70493C1D89519C00FDFF78 /* Stickers.xcstickers in Resources */,
			);
			runOnlyForDeploymentPostprocessing = 0;
		};
		5A7049341D89519C00FDFF78 /* Resources */ = {
			isa = PBXResourcesBuildPhase;
			buildActionMask = 2147483647;
			files = (
				5A70493B1D89519C00FDFF78 /* Stickers.xcstickers in Resources */,
			);
			runOnlyForDeploymentPostprocessing = 0;
		};
/* End PBXResourcesBuildPhase section */

/* Begin PBXTargetDependency section */
		5A7049391D89519C00FDFF78 /* PBXTargetDependency */ = {
			isa = PBXTargetDependency;
			target = 5A7049351D89519C00FDFF78 /* StickerPackExtension */;
			targetProxy = 5A7049381D89519C00FDFF78 /* PBXContainerItemProxy */;
		};
/* End PBXTargetDependency section */

/* Begin XCBuildConfiguration section */
		5A70493D1D89519C00FDFF78 /* Debug */ = {
			isa = XCBuildConfiguration;
			buildSettings = {
				ALWAYS_SEARCH_USER_PATHS = NO;
				CLANG_ANALYZER_NONNULL = YES;
				CLANG_CXX_LANGUAGE_STANDARD = "gnu++0x";
				CLANG_CXX_LIBRARY = "libc++";
				CLANG_ENABLE_MODULES = YES;
				CLANG_ENABLE_OBJC_ARC = YES;
				CLANG_WARN_BOOL_CONVERSION = YES;
				CLANG_WARN_CONSTANT_CONVERSION = YES;
				CLANG_WARN_DIRECT_OBJC_ISA_USAGE = YES_ERROR;
				CLANG_WARN_DOCUMENTATION_COMMENTS = YES;
				CLANG_WARN_EMPTY_BODY = YES;
				CLANG_WARN_ENUM_CONVERSION = YES;
				CLANG_WARN_INFINITE_RECURSION = YES;
				CLANG_WARN_INT_CONVERSION = YES;
				CLANG_WARN_OBJC_ROOT_CLASS = YES_ERROR;
				CLANG_WARN_SUSPICIOUS_MOVES = YES;
				CLANG_WARN_UNREACHABLE_CODE = YES;
				CLANG_WARN__DUPLICATE_METHOD_MATCH = YES;
				"CODE_SIGN_IDENTITY[sdk=iphoneos*]" = "iPhone Developer";
				COPY_PHASE_STRIP = NO;
				DEBUG_INFORMATION_FORMAT = dwarf;
				ENABLE_STRICT_OBJC_MSGSEND = YES;
				ENABLE_TESTABILITY = YES;
				GCC_C_LANGUAGE_STANDARD = gnu99;
				GCC_DYNAMIC_NO_PIC = NO;
				GCC_NO_COMMON_BLOCKS = YES;
				GCC_OPTIMIZATION_LEVEL = 0;
				GCC_PREPROCESSOR_DEFINITIONS = (
					"DEBUG=1",
					"$(inherited)",
				);
				GCC_WARN_64_TO_32_BIT_CONVERSION = YES;
				GCC_WARN_ABOUT_RETURN_TYPE = YES_ERROR;
				GCC_WARN_UNDECLARED_SELECTOR = YES;
				GCC_WARN_UNINITIALIZED_AUTOS = YES_AGGRESSIVE;
				GCC_WARN_UNUSED_FUNCTION = YES;
				GCC_WARN_UNUSED_VARIABLE = YES;
				IPHONEOS_DEPLOYMENT_TARGET = 10.0;
				MTL_ENABLE_DEBUG_INFO = YES;
				ONLY_ACTIVE_ARCH = YES;
				SDKROOT = iphoneos;
			};
			name = Debug;
		};
		5A70493E1D89519C00FDFF78 /* Release */ = {
			isa = XCBuildConfiguration;
			buildSettings = {
				ALWAYS_SEARCH_USER_PATHS = NO;
				CLANG_ANALYZER_NONNULL = YES;
				CLANG_CXX_LANGUAGE_STANDARD = "gnu++0x";
				CLANG_CXX_LIBRARY = "libc++";
				CLANG_ENABLE_MODULES = YES;
				CLANG_ENABLE_OBJC_ARC = YES;
				CLANG_WARN_BOOL_CONVERSION = YES;
				CLANG_WARN_CONSTANT_CONVERSION = YES;
				CLANG_WARN_DIRECT_OBJC_ISA_USAGE = YES_ERROR;
				CLANG_WARN_DOCUMENTATION_COMMENTS = YES;
				CLANG_WARN_EMPTY_BODY = YES;
				CLANG_WARN_ENUM_CONVERSION = YES;
				CLANG_WARN_INFINITE_RECURSION = YES;
				CLANG_WARN_INT_CONVERSION = YES;
				CLANG_WARN_OBJC_ROOT_CLASS = YES_ERROR;
				CLANG_WARN_SUSPICIOUS_MOVES = YES;
				CLANG_WARN_UNREACHABLE_CODE = YES;
				CLANG_WARN__DUPLICATE_METHOD_MATCH = YES;
				"CODE_SIGN_IDENTITY[sdk=iphoneos*]" = "iPhone Developer";
				COPY_PHASE_STRIP = NO;
				DEBUG_INFORMATION_FORMAT = "dwarf-with-dsym";
				ENABLE_NS_ASSERTIONS = NO;
				ENABLE_STRICT_OBJC_MSGSEND = YES;
				GCC_C_LANGUAGE_STANDARD = gnu99;
				GCC_NO_COMMON_BLOCKS = YES;
				GCC_WARN_64_TO_32_BIT_CONVERSION = YES;
				GCC_WARN_ABOUT_RETURN_TYPE = YES_ERROR;
				GCC_WARN_UNDECLARED_SELECTOR = YES;
				GCC_WARN_UNINITIALIZED_AUTOS = YES_AGGRESSIVE;
				GCC_WARN_UNUSED_FUNCTION = YES;
				GCC_WARN_UNUSED_VARIABLE = YES;
				IPHONEOS_DEPLOYMENT_TARGET = 10.0;
				MTL_ENABLE_DEBUG_INFO = NO;
				SDKROOT = iphoneos;
				VALIDATE_PRODUCT = YES;
			};
			name = Release;
		};
		5A7049401D89519C00FDFF78 /* Debug */ = {
			isa = XCBuildConfiguration;
			buildSettings = {
				ASSETCATALOG_COMPILER_APPICON_NAME = "iMessage App Icon";
				DEVELOPMENT_TEAM = T2YV68E2VX;
				INFOPLIST_FILE = StickerPackExtension/Info.plist;
				PRODUCT_BUNDLE_IDENTIFIER = com.pvz.Twitchmotes.StickerPackExtension;
				PRODUCT_NAME = "$(TARGET_NAME)";
				SKIP_INSTALL = YES;
			};
			name = Debug;
		};
		5A7049411D89519C00FDFF78 /* Release */ = {
			isa = XCBuildConfiguration;
			buildSettings = {
				ASSETCATALOG_COMPILER_APPICON_NAME = "iMessage App Icon";
				DEVELOPMENT_TEAM = T2YV68E2VX;
				INFOPLIST_FILE = StickerPackExtension/Info.plist;
				PRODUCT_BUNDLE_IDENTIFIER = com.pvz.Twitchmotes.StickerPackExtension;
				PRODUCT_NAME = "$(TARGET_NAME)";
				SKIP_INSTALL = YES;
			};
			name = Release;
		};
		5A7049441D89519C00FDFF78 /* Debug */ = {
			isa = XCBuildConfiguration;
			buildSettings = {
				ASSETCATALOG_COMPILER_APPICON_NAME = "iMessage App Icon";
				DEVELOPMENT_TEAM = "";
				INFOPLIST_FILE = Twitchmotes/Info.plist;
				PRODUCT_BUNDLE_IDENTIFIER = com.pvz.Twitchmotes;
				PRODUCT_NAME = "$(TARGET_NAME)";
				TARGETED_DEVICE_FAMILY = "1,2";
			};
			name = Debug;
		};
		5A7049451D89519C00FDFF78 /* Release */ = {
			isa = XCBuildConfiguration;
			buildSettings = {
				ASSETCATALOG_COMPILER_APPICON_NAME = "iMessage App Icon";
				DEVELOPMENT_TEAM = "";
				INFOPLIST_FILE = Twitchmotes/Info.plist;
				PRODUCT_BUNDLE_IDENTIFIER = com.pvz.Twitchmotes;
				PRODUCT_NAME = "$(TARGET_NAME)";
				TARGETED_DEVICE_FAMILY = "1,2";
			};
			name = Release;
		};
/* End XCBuildConfiguration section */

/* Begin XCConfigurationList section */
		5A70492F1D89519C00FDFF78 /* Build configuration list for PBXProject "Twitchmotes" */ = {
			isa = XCConfigurationList;
			buildConfigurations = (
				5A70493D1D89519C00FDFF78 /* Debug */,
				5A70493E1D89519C00FDFF78 /* Release */,
			);
			defaultConfigurationIsVisible = 0;
			defaultConfigurationName = Release;
		};
		5A70493F1D89519C00FDFF78 /* Build configuration list for PBXNativeTarget "StickerPackExtension" */ = {
			isa = XCConfigurationList;
			buildConfigurations = (
				5A7049401D89519C00FDFF78 /* Debug */,
				5A7049411D89519C00FDFF78 /* Release */,
			);
			defaultConfigurationIsVisible = 0;
		};
		5A7049431D89519C00FDFF78 /* Build configuration list for PBXNativeTarget "Twitchmotes" */ = {
			isa = XCConfigurationList;
			buildConfigurations = (
				5A7049441D89519C00FDFF78 /* Debug */,
				5A7049451D89519C00FDFF78 /* Release */,
			);
			defaultConfigurationIsVisible = 0;
		};
/* End XCConfigurationList section */
	};
	rootObject = 5A70492C1D89519C00FDFF78 /* Project object */;
}
